
Microsoft Visual Studio Solution File, Format Version 12.00
# Visual Studio Version 17
VisualStudioVersion = 17.14.35806.103
MinimumVisualStudioVersion = 10.0.40219.1
Project("{2150E333-8FDC-42A3-9474-1A3956D46DE8}") = "7.Aplicativo", "7.Aplicativo", "{02EA681E-C7D8-13C7-8484-4AC65E1B71E8}"
EndProject
Project("{FAE04EC0-301F-11D3-BF4B-00C04F79EFBC}") = "Agenda", "Agenda\Agenda.csproj", "{5B892A7A-0D2C-4D6D-87BA-5DA001E7434D}"
EndProject
Project("{2150E333-8FDC-42A3-9474-1A3956D46DE8}") = "1.Dominio", "1.Dominio", "{2FC40974-627C-4861-BBF2-E6D3330A09A5}"
EndProject
Project("{FAE04EC0-301F-11D3-BF4B-00C04F79EFBC}") = "Dados", "Dados\Dados.csproj", "{BD82BFB6-1110-4C65-B356-BFB038206F8F}"
EndProject
Project("{2150E333-8FDC-42A3-9474-1A3956D46DE8}") = "2.Contexto", "2.Contexto", "{EA2BE831-9159-48A9-9F61-99F25F657C51}"
EndProject
Project("{FAE04EC0-301F-11D3-BF4B-00C04F79EFBC}") = "Context", "Context\Context.csproj", "{455AB35D-FA2C-4341-B8DD-CC7281E4FCAB}"
EndProject
Project("{2150E333-8FDC-42A3-9474-1A3956D46DE8}") = "4.Implementacao", "4.Implementacao", "{3B958811-B34E-43FA-9CC3-4CEF7FDEAAAE}"
EndProject
Project("{FAE04EC0-301F-11D3-BF4B-00C04F79EFBC}") = "Services", "Services\Services.csproj", "{FFA60B2C-75C5-4859-B971-57AC3886F993}"
EndProject
Project("{FAE04EC0-301F-11D3-BF4B-00C04F79EFBC}") = "Implementation", "Implementation\Implementation.csproj", "{1C8D472D-E972-4718-A7FF-3DF4E12B0D66}"
	ProjectSection(ProjectDependencies) = postProject
		{FFA60B2C-75C5-4859-B971-57AC3886F993} = {FFA60B2C-75C5-4859-B971-57AC3886F993}
	EndProjectSection
EndProject
Project("{2150E333-8FDC-42A3-9474-1A3956D46DE8}") = "5.Servico", "5.Servico", "{413FA67C-6605-496A-9B33-E524D3B3C08E}"
EndProject
Project("{2150E333-8FDC-42A3-9474-1A3956D46DE8}") = "6.Mapeamento", "6.Mapeamento", "{B36C60B5-EE26-4D2E-BC41-35E9A55ED8C0}"
EndProject
Project("{FAE04EC0-301F-11D3-BF4B-00C04F79EFBC}") = "InjectionDependency", "Mapper\InjectionDependency.csproj", "{3C78CCC4-19AE-4C4B-A90D-5436C6367E3A}"
EndProject
Project("{2150E333-8FDC-42A3-9474-1A3956D46DE8}") = "3.Modelos", "3.Modelos", "{131AC538-E9D2-4450-9932-6747A19B8A8B}"
EndProject
Project("{FAE04EC0-301F-11D3-BF4B-00C04F79EFBC}") = "Models", "Models\Models.csproj", "{B03CC8F9-DD9E-43FE-9BF9-D5A00EECF618}"
	ProjectSection(ProjectDependencies) = postProject
		{BD82BFB6-1110-4C65-B356-BFB038206F8F} = {BD82BFB6-1110-4C65-B356-BFB038206F8F}
	EndProjectSection
EndProject
Project("{FAE04EC0-301F-11D3-BF4B-00C04F79EFBC}") = "Mapping", "Mapping\Mapping.csproj", "{C9D13393-8AF6-49DD-9FCA-9BEC204D25B1}"
EndProject
Global
	GlobalSection(SolutionConfigurationPlatforms) = preSolution
		Debug|Any CPU = Debug|Any CPU
		Release|Any CPU = Release|Any CPU
	EndGlobalSection
	GlobalSection(ProjectConfigurationPlatforms) = postSolution
		{5B892A7A-0D2C-4D6D-87BA-5DA001E7434D}.Debug|Any CPU.ActiveCfg = Debug|Any CPU
		{5B892A7A-0D2C-4D6D-87BA-5DA001E7434D}.Debug|Any CPU.Build.0 = Debug|Any CPU
		{5B892A7A-0D2C-4D6D-87BA-5DA001E7434D}.Release|Any CPU.ActiveCfg = Release|Any CPU
		{5B892A7A-0D2C-4D6D-87BA-5DA001E7434D}.Release|Any CPU.Build.0 = Release|Any CPU
		{BD82BFB6-1110-4C65-B356-BFB038206F8F}.Debug|Any CPU.ActiveCfg = Debug|Any CPU
		{BD82BFB6-1110-4C65-B356-BFB038206F8F}.Debug|Any CPU.Build.0 = Debug|Any CPU
		{BD82BFB6-1110-4C65-B356-BFB038206F8F}.Release|Any CPU.ActiveCfg = Release|Any CPU
		{BD82BFB6-1110-4C65-B356-BFB038206F8F}.Release|Any CPU.Build.0 = Release|Any CPU
		{455AB35D-FA2C-4341-B8DD-CC7281E4FCAB}.Debug|Any CPU.ActiveCfg = Debug|Any CPU
		{455AB35D-FA2C-4341-B8DD-CC7281E4FCAB}.Debug|Any CPU.Build.0 = Debug|Any CPU
		{455AB35D-FA2C-4341-B8DD-CC7281E4FCAB}.Release|Any CPU.ActiveCfg = Release|Any CPU
		{455AB35D-FA2C-4341-B8DD-CC7281E4FCAB}.Release|Any CPU.Build.0 = Release|Any CPU
		{FFA60B2C-75C5-4859-B971-57AC3886F993}.Debug|Any CPU.ActiveCfg = Debug|Any CPU
		{FFA60B2C-75C5-4859-B971-57AC3886F993}.Debug|Any CPU.Build.0 = Debug|Any CPU
		{FFA60B2C-75C5-4859-B971-57AC3886F993}.Release|Any CPU.ActiveCfg = Release|Any CPU
		{FFA60B2C-75C5-4859-B971-57AC3886F993}.Release|Any CPU.Build.0 = Release|Any CPU
		{1C8D472D-E972-4718-A7FF-3DF4E12B0D66}.Debug|Any CPU.ActiveCfg = Debug|Any CPU
		{1C8D472D-E972-4718-A7FF-3DF4E12B0D66}.Debug|Any CPU.Build.0 = Debug|Any CPU
		{1C8D472D-E972-4718-A7FF-3DF4E12B0D66}.Release|Any CPU.ActiveCfg = Release|Any CPU
		{1C8D472D-E972-4718-A7FF-3DF4E12B0D66}.Release|Any CPU.Build.0 = Release|Any CPU
		{3C78CCC4-19AE-4C4B-A90D-5436C6367E3A}.Debug|Any CPU.ActiveCfg = Debug|Any CPU
		{3C78CCC4-19AE-4C4B-A90D-5436C6367E3A}.Debug|Any CPU.Build.0 = Debug|Any CPU
		{3C78CCC4-19AE-4C4B-A90D-5436C6367E3A}.Release|Any CPU.ActiveCfg = Release|Any CPU
		{3C78CCC4-19AE-4C4B-A90D-5436C6367E3A}.Release|Any CPU.Build.0 = Release|Any CPU
		{B03CC8F9-DD9E-43FE-9BF9-D5A00EECF618}.Debug|Any CPU.ActiveCfg = Debug|Any CPU
		{B03CC8F9-DD9E-43FE-9BF9-D5A00EECF618}.Debug|Any CPU.Build.0 = Debug|Any CPU
		{B03CC8F9-DD9E-43FE-9BF9-D5A00EECF618}.Release|Any CPU.ActiveCfg = Release|Any CPU
		{B03CC8F9-DD9E-43FE-9BF9-D5A00EECF618}.Release|Any CPU.Build.0 = Release|Any CPU
		{C9D13393-8AF6-49DD-9FCA-9BEC204D25B1}.Debug|Any CPU.ActiveCfg = Debug|Any CPU
		{C9D13393-8AF6-49DD-9FCA-9BEC204D25B1}.Debug|Any CPU.Build.0 = Debug|Any CPU
		{C9D13393-8AF6-49DD-9FCA-9BEC204D25B1}.Release|Any CPU.ActiveCfg = Release|Any CPU
		{C9D13393-8AF6-49DD-9FCA-9BEC204D25B1}.Release|Any CPU.Build.0 = Release|Any CPU
	EndGlobalSection
	GlobalSection(SolutionProperties) = preSolution
		HideSolutionNode = FALSE
	EndGlobalSection
	GlobalSection(NestedProjects) = preSolution
		{5B892A7A-0D2C-4D6D-87BA-5DA001E7434D} = {02EA681E-C7D8-13C7-8484-4AC65E1B71E8}
		{BD82BFB6-1110-4C65-B356-BFB038206F8F} = {2FC40974-627C-4861-BBF2-E6D3330A09A5}
		{455AB35D-FA2C-4341-B8DD-CC7281E4FCAB} = {EA2BE831-9159-48A9-9F61-99F25F657C51}
		{FFA60B2C-75C5-4859-B971-57AC3886F993} = {413FA67C-6605-496A-9B33-E524D3B3C08E}
		{1C8D472D-E972-4718-A7FF-3DF4E12B0D66} = {3B958811-B34E-43FA-9CC3-4CEF7FDEAAAE}
		{3C78CCC4-19AE-4C4B-A90D-5436C6367E3A} = {B36C60B5-EE26-4D2E-BC41-35E9A55ED8C0}
		{B03CC8F9-DD9E-43FE-9BF9-D5A00EECF618} = {131AC538-E9D2-4450-9932-6747A19B8A8B}
		{C9D13393-8AF6-49DD-9FCA-9BEC204D25B1} = {B36C60B5-EE26-4D2E-BC41-35E9A55ED8C0}
	EndGlobalSection
	GlobalSection(ExtensibilityGlobals) = postSolution
		SolutionGuid = {1AEAFBF5-7F5D-4DC0-B7E0-7CCA866E1C8C}
	EndGlobalSection
EndGlobal
